
Microsoft Visual Studio Solution File, Format Version 12.00
# Visual Studio 2012
Project("{FAE04EC0-301F-11D3-BF4B-00C04F79EFBC}") = "KakaoKit", "KakaoKit\KakaoKit.csproj", "{087C39EE-450E-47E5-90A5-197306399A8A}"
EndProject
Project("{FAE04EC0-301F-11D3-BF4B-00C04F79EFBC}") = "TestApp", "TestApp\TestApp.csproj", "{760D7A17-1276-439F-B218-4ABA00974501}"
EndProject
Global
	GlobalSection(SolutionConfigurationPlatforms) = preSolution
		Debug|Any CPU = Debug|Any CPU
		Release|Any CPU = Release|Any CPU
	EndGlobalSection
	GlobalSection(ProjectConfigurationPlatforms) = postSolution
		{087C39EE-450E-47E5-90A5-197306399A8A}.Debug|Any CPU.ActiveCfg = Debug|Any CPU
		{087C39EE-450E-47E5-90A5-197306399A8A}.Debug|Any CPU.Build.0 = Debug|Any CPU
		{087C39EE-450E-47E5-90A5-197306399A8A}.Release|Any CPU.ActiveCfg = Release|Any CPU
		{087C39EE-450E-47E5-90A5-197306399A8A}.Release|Any CPU.Build.0 = Release|Any CPU
		{760D7A17-1276-439F-B218-4ABA00974501}.Debug|Any CPU.ActiveCfg = Debug|Any CPU
		{760D7A17-1276-439F-B218-4ABA00974501}.Debug|Any CPU.Build.0 = Debug|Any CPU
		{760D7A17-1276-439F-B218-4ABA00974501}.Release|Any CPU.ActiveCfg = Release|Any CPU
		{760D7A17-1276-439F-B218-4ABA00974501}.Release|Any CPU.Build.0 = Release|Any CPU
	EndGlobalSection
	GlobalSection(SolutionProperties) = preSolution
		HideSolutionNode = FALSE
	EndGlobalSection
EndGlobal
